
Microsoft Visual Studio Solution File, Format Version 12.00
# Visual Studio Version 17
VisualStudioVersion = 17.11.35312.102
MinimumVisualStudioVersion = 10.0.40219.1
Project("{FAE04EC0-301F-11D3-BF4B-00C04F79EFBC}") = "Cuat2_PNT_TP1_EJenC", "Cuat2_PNT_TP1_EJenC\Cuat2_PNT_TP1_EJenC.csproj", "{9D6AE3D7-8BBA-482F-97DE-ED56C6358103}"
EndProject
Global
	GlobalSection(SolutionConfigurationPlatforms) = preSolution
		Debug|Any CPU = Debug|Any CPU
		Release|Any CPU = Release|Any CPU
	EndGlobalSection
	GlobalSection(ProjectConfigurationPlatforms) = postSolution
		{9D6AE3D7-8BBA-482F-97DE-ED56C6358103}.Debug|Any CPU.ActiveCfg = Debug|Any CPU
		{9D6AE3D7-8BBA-482F-97DE-ED56C6358103}.Debug|Any CPU.Build.0 = Debug|Any CPU
		{9D6AE3D7-8BBA-482F-97DE-ED56C6358103}.Release|Any CPU.ActiveCfg = Release|Any CPU
		{9D6AE3D7-8BBA-482F-97DE-ED56C6358103}.Release|Any CPU.Build.0 = Release|Any CPU
	EndGlobalSection
	GlobalSection(SolutionProperties) = preSolution
		HideSolutionNode = FALSE
	EndGlobalSection
	GlobalSection(ExtensibilityGlobals) = postSolution
		SolutionGuid = {907AF513-2300-487E-928E-059525FA9F82}
	EndGlobalSection
EndGlobal
